
Microsoft Visual Studio Solution File, Format Version 12.00
# Visual Studio Version 17
VisualStudioVersion = 17.4.33205.214
MinimumVisualStudioVersion = 10.0.40219.1
Project("{888888A0-9F3D-457C-B088-3A5042F75D52}") = "Git_test1", "Git_test1\Git_test1.pyproj", "{440AA9EB-16A1-4D9E-AF74-41D9BD99110C}"
EndProject
Global
	GlobalSection(SolutionConfigurationPlatforms) = preSolution
		Debug|Any CPU = Debug|Any CPU
		Release|Any CPU = Release|Any CPU
	EndGlobalSection
	GlobalSection(ProjectConfigurationPlatforms) = postSolution
		{440AA9EB-16A1-4D9E-AF74-41D9BD99110C}.Debug|Any CPU.ActiveCfg = Debug|Any CPU
		{440AA9EB-16A1-4D9E-AF74-41D9BD99110C}.Release|Any CPU.ActiveCfg = Release|Any CPU
	EndGlobalSection
	GlobalSection(SolutionProperties) = preSolution
		HideSolutionNode = FALSE
	EndGlobalSection
	GlobalSection(ExtensibilityGlobals) = postSolution
		SolutionGuid = {C657AAF3-33CF-4D07-9BE1-DED08BA0C1B0}
	EndGlobalSection
EndGlobal
